
Microsoft Visual Studio Solution File, Format Version 12.00
# Visual Studio Version 17
VisualStudioVersion = 17.10.35013.160
MinimumVisualStudioVersion = 10.0.40219.1
Project("{FAE04EC0-301F-11D3-BF4B-00C04F79EFBC}") = "Batch4.Api.Atm", "Batch4.Api.Atm\Batch4.Api.Atm.csproj", "{EE0AF0C2-801D-411C-BFBE-D96659F7CE47}"
EndProject
Global
	GlobalSection(SolutionConfigurationPlatforms) = preSolution
		Debug|Any CPU = Debug|Any CPU
		Release|Any CPU = Release|Any CPU
	EndGlobalSection
	GlobalSection(ProjectConfigurationPlatforms) = postSolution
		{EE0AF0C2-801D-411C-BFBE-D96659F7CE47}.Debug|Any CPU.ActiveCfg = Debug|Any CPU
		{EE0AF0C2-801D-411C-BFBE-D96659F7CE47}.Debug|Any CPU.Build.0 = Debug|Any CPU
		{EE0AF0C2-801D-411C-BFBE-D96659F7CE47}.Release|Any CPU.ActiveCfg = Release|Any CPU
		{EE0AF0C2-801D-411C-BFBE-D96659F7CE47}.Release|Any CPU.Build.0 = Release|Any CPU
	EndGlobalSection
	GlobalSection(SolutionProperties) = preSolution
		HideSolutionNode = FALSE
	EndGlobalSection
	GlobalSection(ExtensibilityGlobals) = postSolution
		SolutionGuid = {9A925C3E-4397-43EC-A3B7-983D28B4A9DB}
	EndGlobalSection
EndGlobal
